
Microsoft Visual Studio Solution File, Format Version 12.00
# Visual Studio Version 17
VisualStudioVersion = 17.8.34330.188
MinimumVisualStudioVersion = 10.0.40219.1
Project("{FAE04EC0-301F-11D3-BF4B-00C04F79EFBC}") = "Intro", "Intro\Intro.csproj", "{375F2ED4-1E9F-4C92-BDA5-05E2C8B26276}"
EndProject
Global
	GlobalSection(SolutionConfigurationPlatforms) = preSolution
		Debug|Any CPU = Debug|Any CPU
		Release|Any CPU = Release|Any CPU
	EndGlobalSection
	GlobalSection(ProjectConfigurationPlatforms) = postSolution
		{375F2ED4-1E9F-4C92-BDA5-05E2C8B26276}.Debug|Any CPU.ActiveCfg = Debug|Any CPU
		{375F2ED4-1E9F-4C92-BDA5-05E2C8B26276}.Debug|Any CPU.Build.0 = Debug|Any CPU
		{375F2ED4-1E9F-4C92-BDA5-05E2C8B26276}.Release|Any CPU.ActiveCfg = Release|Any CPU
		{375F2ED4-1E9F-4C92-BDA5-05E2C8B26276}.Release|Any CPU.Build.0 = Release|Any CPU
	EndGlobalSection
	GlobalSection(SolutionProperties) = preSolution
		HideSolutionNode = FALSE
	EndGlobalSection
	GlobalSection(ExtensibilityGlobals) = postSolution
		SolutionGuid = {EEDEFAD8-75EC-4A80-B435-2C2A26F44134}
	EndGlobalSection
EndGlobal
